
Microsoft Visual Studio Solution File, Format Version 12.00
# Visual Studio Version 17
VisualStudioVersion = 17.5.002.0
MinimumVisualStudioVersion = 10.0.40219.1
Project("{FAE04EC0-301F-11D3-BF4B-00C04F79EFBC}") = "NetEcdsaSignButVerify", "NetFramework\EcdsaSignButVerify\NetEcdsaSignButVerify.csproj", "{27B61D71-625C-4FFA-BE4F-E87CD490B1C4}"
EndProject
Project("{9A19103F-16F7-4668-BE54-9A1E7A4F7556}") = "EcdsaSignButVerify", "Dotnet\EcdsaSignButVerify.csproj", "{C6DEA889-1D5F-4C0C-84B8-A4AD2361A591}"
EndProject
Project("{FAE04EC0-301F-11D3-BF4B-00C04F79EFBC}") = "Veros.Crypto.Ecdsa.SignAndVerify", "Veros.Crypto.Ecdsa.SignAndVerify\Veros.Crypto.Ecdsa.SignAndVerify.csproj", "{E01454B7-62A7-4995-8100-C08BCB529CFC}"
EndProject
Global
	GlobalSection(SolutionConfigurationPlatforms) = preSolution
		Debug|Any CPU = Debug|Any CPU
		Release|Any CPU = Release|Any CPU
	EndGlobalSection
	GlobalSection(ProjectConfigurationPlatforms) = postSolution
		{27B61D71-625C-4FFA-BE4F-E87CD490B1C4}.Debug|Any CPU.ActiveCfg = Debug|Any CPU
		{27B61D71-625C-4FFA-BE4F-E87CD490B1C4}.Debug|Any CPU.Build.0 = Debug|Any CPU
		{27B61D71-625C-4FFA-BE4F-E87CD490B1C4}.Release|Any CPU.ActiveCfg = Release|Any CPU
		{27B61D71-625C-4FFA-BE4F-E87CD490B1C4}.Release|Any CPU.Build.0 = Release|Any CPU
		{C6DEA889-1D5F-4C0C-84B8-A4AD2361A591}.Debug|Any CPU.ActiveCfg = Debug|Any CPU
		{C6DEA889-1D5F-4C0C-84B8-A4AD2361A591}.Debug|Any CPU.Build.0 = Debug|Any CPU
		{C6DEA889-1D5F-4C0C-84B8-A4AD2361A591}.Release|Any CPU.ActiveCfg = Release|Any CPU
		{C6DEA889-1D5F-4C0C-84B8-A4AD2361A591}.Release|Any CPU.Build.0 = Release|Any CPU
		{E01454B7-62A7-4995-8100-C08BCB529CFC}.Debug|Any CPU.ActiveCfg = Debug|Any CPU
		{E01454B7-62A7-4995-8100-C08BCB529CFC}.Debug|Any CPU.Build.0 = Debug|Any CPU
		{E01454B7-62A7-4995-8100-C08BCB529CFC}.Release|Any CPU.ActiveCfg = Release|Any CPU
		{E01454B7-62A7-4995-8100-C08BCB529CFC}.Release|Any CPU.Build.0 = Release|Any CPU
	EndGlobalSection
	GlobalSection(SolutionProperties) = preSolution
		HideSolutionNode = FALSE
	EndGlobalSection
	GlobalSection(ExtensibilityGlobals) = postSolution
		SolutionGuid = {9AD4A0D7-095B-465A-9580-FA45BB519F56}
	EndGlobalSection
EndGlobal
