
Microsoft Visual Studio Solution File, Format Version 12.00
# Visual Studio Version 17
VisualStudioVersion = 17.5.002.0
MinimumVisualStudioVersion = 10.0.40219.1
Project("{FAE04EC0-301F-11D3-BF4B-00C04F79EFBC}") = "NetEcdsaSignButVerify", "NetFramework\EcdsaSignButVerify\NetEcdsaSignButVerify.csproj", "{27B61D71-625C-4FFA-BE4F-E87CD490B1C4}"
EndProject
Project("{9A19103F-16F7-4668-BE54-9A1E7A4F7556}") = "EcdsaSignButVerify", "Dotnet\EcdsaSignButVerify.csproj", "{C6DEA889-1D5F-4C0C-84B8-A4AD2361A591}"
EndProject
Project("{9A19103F-16F7-4668-BE54-9A1E7A4F7556}") = "Veros.Crypto.Ecdsa.SignButVerify", "Veros.Crypto.Ecdsa.SignButVerify\Veros.Crypto.Ecdsa.SignButVerify.csproj", "{638D8E15-69A8-4BFE-BD37-99CB5C38B299}"
EndProject
Project("{9A19103F-16F7-4668-BE54-9A1E7A4F7556}") = "EcdsaKeysContainer", "EcdsaKeysContainer\EcdsaKeysContainer.csproj", "{46235754-3C80-4B00-809E-8C49216C9A90}"
EndProject
Project("{FAE04EC0-301F-11D3-BF4B-00C04F79EFBC}") = "DigitalSignatureTool", "DigitalSignatureTool\DigitalSignatureTool.csproj", "{86DF166A-8D10-4B1C-A2F6-5889A5365CA6}"
EndProject
Project("{9A19103F-16F7-4668-BE54-9A1E7A4F7556}") = "TestClient", "TestClient\TestClient.csproj", "{455C2BB5-6051-4DF0-AF6E-A4162F1DFA26}"
EndProject
Project("{FAE04EC0-301F-11D3-BF4B-00C04F79EFBC}") = "StressClient", "StressClient\StressClient.csproj", "{165030D8-6B3D-4DC1-829D-BD286F28B314}"
EndProject
Global
	GlobalSection(SolutionConfigurationPlatforms) = preSolution
		Debug|Any CPU = Debug|Any CPU
		Release|Any CPU = Release|Any CPU
	EndGlobalSection
	GlobalSection(ProjectConfigurationPlatforms) = postSolution
		{27B61D71-625C-4FFA-BE4F-E87CD490B1C4}.Debug|Any CPU.ActiveCfg = Debug|Any CPU
		{27B61D71-625C-4FFA-BE4F-E87CD490B1C4}.Debug|Any CPU.Build.0 = Debug|Any CPU
		{27B61D71-625C-4FFA-BE4F-E87CD490B1C4}.Release|Any CPU.ActiveCfg = Release|Any CPU
		{27B61D71-625C-4FFA-BE4F-E87CD490B1C4}.Release|Any CPU.Build.0 = Release|Any CPU
		{C6DEA889-1D5F-4C0C-84B8-A4AD2361A591}.Debug|Any CPU.ActiveCfg = Debug|Any CPU
		{C6DEA889-1D5F-4C0C-84B8-A4AD2361A591}.Debug|Any CPU.Build.0 = Debug|Any CPU
		{C6DEA889-1D5F-4C0C-84B8-A4AD2361A591}.Release|Any CPU.ActiveCfg = Release|Any CPU
		{C6DEA889-1D5F-4C0C-84B8-A4AD2361A591}.Release|Any CPU.Build.0 = Release|Any CPU
		{638D8E15-69A8-4BFE-BD37-99CB5C38B299}.Debug|Any CPU.ActiveCfg = Debug|Any CPU
		{638D8E15-69A8-4BFE-BD37-99CB5C38B299}.Debug|Any CPU.Build.0 = Debug|Any CPU
		{638D8E15-69A8-4BFE-BD37-99CB5C38B299}.Release|Any CPU.ActiveCfg = Release|Any CPU
		{638D8E15-69A8-4BFE-BD37-99CB5C38B299}.Release|Any CPU.Build.0 = Release|Any CPU
		{46235754-3C80-4B00-809E-8C49216C9A90}.Debug|Any CPU.ActiveCfg = Debug|Any CPU
		{46235754-3C80-4B00-809E-8C49216C9A90}.Debug|Any CPU.Build.0 = Debug|Any CPU
		{46235754-3C80-4B00-809E-8C49216C9A90}.Release|Any CPU.ActiveCfg = Release|Any CPU
		{46235754-3C80-4B00-809E-8C49216C9A90}.Release|Any CPU.Build.0 = Release|Any CPU
		{86DF166A-8D10-4B1C-A2F6-5889A5365CA6}.Debug|Any CPU.ActiveCfg = Debug|Any CPU
		{86DF166A-8D10-4B1C-A2F6-5889A5365CA6}.Debug|Any CPU.Build.0 = Debug|Any CPU
		{86DF166A-8D10-4B1C-A2F6-5889A5365CA6}.Release|Any CPU.ActiveCfg = Release|Any CPU
		{86DF166A-8D10-4B1C-A2F6-5889A5365CA6}.Release|Any CPU.Build.0 = Release|Any CPU
		{455C2BB5-6051-4DF0-AF6E-A4162F1DFA26}.Debug|Any CPU.ActiveCfg = Debug|Any CPU
		{455C2BB5-6051-4DF0-AF6E-A4162F1DFA26}.Debug|Any CPU.Build.0 = Debug|Any CPU
		{455C2BB5-6051-4DF0-AF6E-A4162F1DFA26}.Release|Any CPU.ActiveCfg = Release|Any CPU
		{455C2BB5-6051-4DF0-AF6E-A4162F1DFA26}.Release|Any CPU.Build.0 = Release|Any CPU
		{165030D8-6B3D-4DC1-829D-BD286F28B314}.Debug|Any CPU.ActiveCfg = Debug|Any CPU
		{165030D8-6B3D-4DC1-829D-BD286F28B314}.Debug|Any CPU.Build.0 = Debug|Any CPU
		{165030D8-6B3D-4DC1-829D-BD286F28B314}.Release|Any CPU.ActiveCfg = Release|Any CPU
		{165030D8-6B3D-4DC1-829D-BD286F28B314}.Release|Any CPU.Build.0 = Release|Any CPU
	EndGlobalSection
	GlobalSection(SolutionProperties) = preSolution
		HideSolutionNode = FALSE
	EndGlobalSection
	GlobalSection(ExtensibilityGlobals) = postSolution
		SolutionGuid = {9AD4A0D7-095B-465A-9580-FA45BB519F56}
	EndGlobalSection
EndGlobal
